
Microsoft Visual Studio Solution File, Format Version 12.00
# Visual Studio Version 16
VisualStudioVersion = 16.0.30804.86
MinimumVisualStudioVersion = 10.0.40219.1
Project("{FAE04EC0-301F-11D3-BF4B-00C04F79EFBC}") = "DevOpsDemo", "DevOpsDemo\DevOpsDemo.csproj", "{45BDD59C-7C2C-469B-A7F4-629047D68613}"
EndProject
Project("{FAE04EC0-301F-11D3-BF4B-00C04F79EFBC}") = "DevOpsDemoTest", "DevOpsDemoTest\DevOpsDemoTest.csproj", "{8626FF76-951A-44C8-8AE4-7558775B6424}"
EndProject
Global
	GlobalSection(SolutionConfigurationPlatforms) = preSolution
		Debug|Any CPU = Debug|Any CPU
		Release|Any CPU = Release|Any CPU
	EndGlobalSection
	GlobalSection(ProjectConfigurationPlatforms) = postSolution
		{45BDD59C-7C2C-469B-A7F4-629047D68613}.Debug|Any CPU.ActiveCfg = Debug|Any CPU
		{45BDD59C-7C2C-469B-A7F4-629047D68613}.Debug|Any CPU.Build.0 = Debug|Any CPU
		{45BDD59C-7C2C-469B-A7F4-629047D68613}.Release|Any CPU.ActiveCfg = Release|Any CPU
		{45BDD59C-7C2C-469B-A7F4-629047D68613}.Release|Any CPU.Build.0 = Release|Any CPU
		{8626FF76-951A-44C8-8AE4-7558775B6424}.Debug|Any CPU.ActiveCfg = Debug|Any CPU
		{8626FF76-951A-44C8-8AE4-7558775B6424}.Debug|Any CPU.Build.0 = Debug|Any CPU
		{8626FF76-951A-44C8-8AE4-7558775B6424}.Release|Any CPU.ActiveCfg = Release|Any CPU
		{8626FF76-951A-44C8-8AE4-7558775B6424}.Release|Any CPU.Build.0 = Release|Any CPU
	EndGlobalSection
	GlobalSection(SolutionProperties) = preSolution
		HideSolutionNode = FALSE
	EndGlobalSection
	GlobalSection(ExtensibilityGlobals) = postSolution
		SolutionGuid = {F508CB48-2E20-4667-B437-C012B3E230E0}
	EndGlobalSection
EndGlobal
